
Microsoft Visual Studio Solution File, Format Version 12.00
# Visual Studio 14
VisualStudioVersion = 14.0.23107.0
MinimumVisualStudioVersion = 10.0.40219.1
Project("{FAE04EC0-301F-11D3-BF4B-00C04F79EFBC}") = "Constructors", "Constructors\Constructors.csproj", "{AFAB0B21-4AA6-4961-B377-446CE1873D9B}"
EndProject
Global
	GlobalSection(SolutionConfigurationPlatforms) = preSolution
		Debug|Any CPU = Debug|Any CPU
		Release|Any CPU = Release|Any CPU
	EndGlobalSection
	GlobalSection(ProjectConfigurationPlatforms) = postSolution
		{AFAB0B21-4AA6-4961-B377-446CE1873D9B}.Debug|Any CPU.ActiveCfg = Debug|Any CPU
		{AFAB0B21-4AA6-4961-B377-446CE1873D9B}.Debug|Any CPU.Build.0 = Debug|Any CPU
		{AFAB0B21-4AA6-4961-B377-446CE1873D9B}.Release|Any CPU.ActiveCfg = Release|Any CPU
		{AFAB0B21-4AA6-4961-B377-446CE1873D9B}.Release|Any CPU.Build.0 = Release|Any CPU
	EndGlobalSection
	GlobalSection(SolutionProperties) = preSolution
		HideSolutionNode = FALSE
	EndGlobalSection
EndGlobal
